version = 1
revision = 1
requires-python = ">=3.9"

[[package]]
name = "example-package"
version = "0.3.0"
source = { url = "https://github.com/tkoncz/py-pkg-build-example/releases/download/v0.3.0/example_package-0.3.0.tar.gz" }
sdist = { hash = "sha256:f71b9ff348cfb8655a88dd7e1732329fe0a5d43c2442c49cacc45c76cbcbcd0e" }

[[package]]
name = "py-build-example"
version = "0.1.0"
source = { virtual = "." }
dependencies = [
    { name = "example-package" },
]

[package.metadata]
requires-dist = [{ name = "example-package", url = "https://github.com/tkoncz/py-pkg-build-example/releases/download/v0.3.0/example_package-0.3.0.tar.gz" }]
